
Microsoft Visual Studio Solution File, Format Version 12.00
Project("{FAE04EC0-301F-11D3-BF4B-00C04F79EFBC}") = "OrderProcessorFuncApp", "src\OrderProcessorFuncApp\OrderProcessorFuncApp.csproj", "{2E8BBA9C-65A7-4768-8A5C-4B06D3293D4D}"
EndProject
Project("{FAE04EC0-301F-11D3-BF4B-00C04F79EFBC}") = "OrderProcessorFuncApp.Tests", "tests\OrderProcessorFuncApp.Tests\OrderProcessorFuncApp.Tests.csproj", "{7C53BF4D-8898-4166-BCB7-A80C384EAAB9}"
EndProject
Project("{2150E333-8FDC-42A3-9474-1A3956D46DE8}") = "Tools", "Tools", "{38844F56-6CA6-43C3-9E9E-48804D9EF7AD}"
EndProject
Project("{FAE04EC0-301F-11D3-BF4B-00C04F79EFBC}") = "OrderPublisher.Console", "tools\OrderPublisher.Console\OrderPublisher.Console.csproj", "{AA3AF999-6E6A-4552-9772-DF14E703A87F}"
EndProject
Project("{FAE04EC0-301F-11D3-BF4B-00C04F79EFBC}") = "OrderReceiver.Console", "tools\OrderReceiver.Console\OrderReceiver.Console.csproj", "{60B6A79A-537C-48EC-8FB2-134E65353F11}"
EndProject
Project("{2150E333-8FDC-42A3-9474-1A3956D46DE8}") = "FunctionApp", "FunctionApp", "{D64910AE-F6FB-4602-80D0-FE7C3537F1AF}"
EndProject
Project("{2150E333-8FDC-42A3-9474-1A3956D46DE8}") = "Tests", "Tests", "{CCD71F63-A903-43D6-9D40-5668CB6512C2}"
EndProject
Project("{FAE04EC0-301F-11D3-BF4B-00C04F79EFBC}") = "OrderProcessorFuncApp.Integration.Tests", "tests\OrderProcessorFuncApp.Integration.Tests\OrderProcessorFuncApp.Integration.Tests.csproj", "{6233A9DB-FCB1-4A17-9BE5-648495E4CD67}"
EndProject
Project("{FAE04EC0-301F-11D3-BF4B-00C04F79EFBC}") = "OrderPublisher.Console.Tests", "tests\OrderPublisher.Console.Tests\OrderPublisher.Console.Tests.csproj", "{2EF9CECB-F698-4FD2-9DFC-90EC3B91B1FC}"
EndProject
Project("{2150E333-8FDC-42A3-9474-1A3956D46DE8}") = "Libs", "Libs", "{A8006D17-4351-4805-9FAA-696B514BA827}"
EndProject
Project("{FAE04EC0-301F-11D3-BF4B-00C04F79EFBC}") = "AzureServiceBusLib", "libs\AzureServiceBusLib\AzureServiceBusLib.csproj", "{EAADA705-FA76-43BC-9F35-3DC4B4421D0C}"
EndProject
Project("{FAE04EC0-301F-11D3-BF4B-00C04F79EFBC}") = "AzureServiceBusLib.Tests", "tests\AzureServiceBusLib.Tests\AzureServiceBusLib.Tests.csproj", "{59A5FDA4-6ACA-464E-B6D7-A9B13E4B14EA}"
EndProject
Global
	GlobalSection(SolutionConfigurationPlatforms) = preSolution
		Debug|Any CPU = Debug|Any CPU
		Release|Any CPU = Release|Any CPU
	EndGlobalSection
	GlobalSection(ProjectConfigurationPlatforms) = postSolution
		{2E8BBA9C-65A7-4768-8A5C-4B06D3293D4D}.Debug|Any CPU.ActiveCfg = Debug|Any CPU
		{2E8BBA9C-65A7-4768-8A5C-4B06D3293D4D}.Debug|Any CPU.Build.0 = Debug|Any CPU
		{2E8BBA9C-65A7-4768-8A5C-4B06D3293D4D}.Release|Any CPU.ActiveCfg = Release|Any CPU
		{2E8BBA9C-65A7-4768-8A5C-4B06D3293D4D}.Release|Any CPU.Build.0 = Release|Any CPU
		{7C53BF4D-8898-4166-BCB7-A80C384EAAB9}.Debug|Any CPU.ActiveCfg = Debug|Any CPU
		{7C53BF4D-8898-4166-BCB7-A80C384EAAB9}.Debug|Any CPU.Build.0 = Debug|Any CPU
		{7C53BF4D-8898-4166-BCB7-A80C384EAAB9}.Release|Any CPU.ActiveCfg = Release|Any CPU
		{7C53BF4D-8898-4166-BCB7-A80C384EAAB9}.Release|Any CPU.Build.0 = Release|Any CPU
		{AA3AF999-6E6A-4552-9772-DF14E703A87F}.Debug|Any CPU.ActiveCfg = Debug|Any CPU
		{AA3AF999-6E6A-4552-9772-DF14E703A87F}.Debug|Any CPU.Build.0 = Debug|Any CPU
		{AA3AF999-6E6A-4552-9772-DF14E703A87F}.Release|Any CPU.ActiveCfg = Release|Any CPU
		{AA3AF999-6E6A-4552-9772-DF14E703A87F}.Release|Any CPU.Build.0 = Release|Any CPU
		{60B6A79A-537C-48EC-8FB2-134E65353F11}.Debug|Any CPU.ActiveCfg = Debug|Any CPU
		{60B6A79A-537C-48EC-8FB2-134E65353F11}.Debug|Any CPU.Build.0 = Debug|Any CPU
		{60B6A79A-537C-48EC-8FB2-134E65353F11}.Release|Any CPU.ActiveCfg = Release|Any CPU
		{60B6A79A-537C-48EC-8FB2-134E65353F11}.Release|Any CPU.Build.0 = Release|Any CPU
		{6233A9DB-FCB1-4A17-9BE5-648495E4CD67}.Debug|Any CPU.ActiveCfg = Debug|Any CPU
		{6233A9DB-FCB1-4A17-9BE5-648495E4CD67}.Debug|Any CPU.Build.0 = Debug|Any CPU
		{6233A9DB-FCB1-4A17-9BE5-648495E4CD67}.Release|Any CPU.ActiveCfg = Release|Any CPU
		{6233A9DB-FCB1-4A17-9BE5-648495E4CD67}.Release|Any CPU.Build.0 = Release|Any CPU
		{2EF9CECB-F698-4FD2-9DFC-90EC3B91B1FC}.Debug|Any CPU.ActiveCfg = Debug|Any CPU
		{2EF9CECB-F698-4FD2-9DFC-90EC3B91B1FC}.Debug|Any CPU.Build.0 = Debug|Any CPU
		{2EF9CECB-F698-4FD2-9DFC-90EC3B91B1FC}.Release|Any CPU.ActiveCfg = Release|Any CPU
		{2EF9CECB-F698-4FD2-9DFC-90EC3B91B1FC}.Release|Any CPU.Build.0 = Release|Any CPU
		{EAADA705-FA76-43BC-9F35-3DC4B4421D0C}.Debug|Any CPU.ActiveCfg = Debug|Any CPU
		{EAADA705-FA76-43BC-9F35-3DC4B4421D0C}.Debug|Any CPU.Build.0 = Debug|Any CPU
		{EAADA705-FA76-43BC-9F35-3DC4B4421D0C}.Release|Any CPU.ActiveCfg = Release|Any CPU
		{EAADA705-FA76-43BC-9F35-3DC4B4421D0C}.Release|Any CPU.Build.0 = Release|Any CPU
		{59A5FDA4-6ACA-464E-B6D7-A9B13E4B14EA}.Debug|Any CPU.ActiveCfg = Debug|Any CPU
		{59A5FDA4-6ACA-464E-B6D7-A9B13E4B14EA}.Debug|Any CPU.Build.0 = Debug|Any CPU
		{59A5FDA4-6ACA-464E-B6D7-A9B13E4B14EA}.Release|Any CPU.ActiveCfg = Release|Any CPU
		{59A5FDA4-6ACA-464E-B6D7-A9B13E4B14EA}.Release|Any CPU.Build.0 = Release|Any CPU
	EndGlobalSection
	GlobalSection(NestedProjects) = preSolution
		{AA3AF999-6E6A-4552-9772-DF14E703A87F} = {38844F56-6CA6-43C3-9E9E-48804D9EF7AD}
		{60B6A79A-537C-48EC-8FB2-134E65353F11} = {38844F56-6CA6-43C3-9E9E-48804D9EF7AD}
		{7C53BF4D-8898-4166-BCB7-A80C384EAAB9} = {CCD71F63-A903-43D6-9D40-5668CB6512C2}
		{2E8BBA9C-65A7-4768-8A5C-4B06D3293D4D} = {D64910AE-F6FB-4602-80D0-FE7C3537F1AF}
		{6233A9DB-FCB1-4A17-9BE5-648495E4CD67} = {CCD71F63-A903-43D6-9D40-5668CB6512C2}
		{2EF9CECB-F698-4FD2-9DFC-90EC3B91B1FC} = {CCD71F63-A903-43D6-9D40-5668CB6512C2}
		{EAADA705-FA76-43BC-9F35-3DC4B4421D0C} = {A8006D17-4351-4805-9FAA-696B514BA827}
		{59A5FDA4-6ACA-464E-B6D7-A9B13E4B14EA} = {CCD71F63-A903-43D6-9D40-5668CB6512C2}
	EndGlobalSection
EndGlobal
