
Microsoft Visual Studio Solution File, Format Version 12.00
Project("{FAE04EC0-301F-11D3-BF4B-00C04F79EFBC}") = "OrderProcessorFuncApp", "src\OrderProcessorFuncApp\OrderProcessorFuncApp.csproj", "{2E8BBA9C-65A7-4768-8A5C-4B06D3293D4D}"
EndProject
Project("{FAE04EC0-301F-11D3-BF4B-00C04F79EFBC}") = "OrderProcessorFuncApp.Tests", "tests\OrderProcessorFuncApp.Tests\OrderProcessorFuncApp.Tests.csproj", "{7C53BF4D-8898-4166-BCB7-A80C384EAAB9}"
EndProject
Project("{2150E333-8FDC-42A3-9474-1A3956D46DE8}") = "Tools", "Tools", "{38844F56-6CA6-43C3-9E9E-48804D9EF7AD}"
EndProject
Project("{FAE04EC0-301F-11D3-BF4B-00C04F79EFBC}") = "OrderPublisher.Console", "tools\OrderPublisher.Console\OrderPublisher.Console.csproj", "{AA3AF999-6E6A-4552-9772-DF14E703A87F}"
EndProject
Global
	GlobalSection(SolutionConfigurationPlatforms) = preSolution
		Debug|Any CPU = Debug|Any CPU
		Release|Any CPU = Release|Any CPU
	EndGlobalSection
	GlobalSection(ProjectConfigurationPlatforms) = postSolution
		{2E8BBA9C-65A7-4768-8A5C-4B06D3293D4D}.Debug|Any CPU.ActiveCfg = Debug|Any CPU
		{2E8BBA9C-65A7-4768-8A5C-4B06D3293D4D}.Debug|Any CPU.Build.0 = Debug|Any CPU
		{2E8BBA9C-65A7-4768-8A5C-4B06D3293D4D}.Release|Any CPU.ActiveCfg = Release|Any CPU
		{2E8BBA9C-65A7-4768-8A5C-4B06D3293D4D}.Release|Any CPU.Build.0 = Release|Any CPU
		{7C53BF4D-8898-4166-BCB7-A80C384EAAB9}.Debug|Any CPU.ActiveCfg = Debug|Any CPU
		{7C53BF4D-8898-4166-BCB7-A80C384EAAB9}.Debug|Any CPU.Build.0 = Debug|Any CPU
		{7C53BF4D-8898-4166-BCB7-A80C384EAAB9}.Release|Any CPU.ActiveCfg = Release|Any CPU
		{7C53BF4D-8898-4166-BCB7-A80C384EAAB9}.Release|Any CPU.Build.0 = Release|Any CPU
		{AA3AF999-6E6A-4552-9772-DF14E703A87F}.Debug|Any CPU.ActiveCfg = Debug|Any CPU
		{AA3AF999-6E6A-4552-9772-DF14E703A87F}.Debug|Any CPU.Build.0 = Debug|Any CPU
		{AA3AF999-6E6A-4552-9772-DF14E703A87F}.Release|Any CPU.ActiveCfg = Release|Any CPU
		{AA3AF999-6E6A-4552-9772-DF14E703A87F}.Release|Any CPU.Build.0 = Release|Any CPU
	EndGlobalSection
	GlobalSection(NestedProjects) = preSolution
		{AA3AF999-6E6A-4552-9772-DF14E703A87F} = {38844F56-6CA6-43C3-9E9E-48804D9EF7AD}
	EndGlobalSection
EndGlobal
